{
  "requires": true,
  "lockfileVersion": 1,
  "dependencies": {
    "@types/react": {
      "version": "15.6.7",
      "resolved": "http://registry.npm.taobao.org/@types/react/download/@types/react-15.6.7.tgz",
      "integrity": "sha1-6RC2qs5Z2NC0jdZ5wsA8/+2v7sY="
    },
    "@types/redux-actions": {
      "version": "1.2.8",
      "resolved": "http://registry.npm.taobao.org/@types/redux-actions/download/@types/redux-actions-1.2.8.tgz",
      "integrity": "sha1-74w900bMXRDDDp8jybK/VqcZuWk="
    },
    "antd": {
      "version": "2.13.11",
      "resolved": "http://registry.npm.taobao.org/antd/download/antd-2.13.11.tgz",
      "integrity": "sha1-WcDB552wcJL6bujQD3dmjojHL7A="
    },
    "awesome-typescript-loader": {
      "version": "3.4.1",
      "resolved": "http://registry.npm.taobao.org/awesome-typescript-loader/download/awesome-typescript-loader-3.4.1.tgz",
      "integrity": "sha1-IvpJgA8GGewYqxU4Ou+TuVN43qk=",
      "dev": true
    },
    "axios": {
      "version": "0.15.3",
      "resolved": "https://registry.npmjs.org/axios/-/axios-0.15.3.tgz",
      "integrity": "sha1-LJ1jiy4ZGgjqHWzJiOrda6W9wFM=",
      "dev": true
    },
    "babel-eslint": {
      "version": "6.1.2",
      "resolved": "https://registry.npmjs.org/babel-eslint/-/babel-eslint-6.1.2.tgz",
      "integrity": "sha1-UpNBn+NnLWZZjTJ9qWlFZ7pqXy8=",
      "dev": true
    },
    "babel-plugin-dev-expression": {
      "version": "0.2.1",
      "resolved": "https://registry.npmjs.org/babel-plugin-dev-expression/-/babel-plugin-dev-expression-0.2.1.tgz",
      "integrity": "sha1-1Ke+7++7UOPyc0mQqCokhs+eue4=",
      "dev": true
    },
    "babel-plugin-dva-hmr": {
      "version": "0.3.2",
      "resolved": "https://registry.npmjs.org/babel-plugin-dva-hmr/-/babel-plugin-dva-hmr-0.3.2.tgz",
      "integrity": "sha1-EP4PxLnrs75a4ylcXN+PCmD6y9s=",
      "dev": true
    },
    "babel-plugin-import": {
      "version": "1.6.3",
      "resolved": "http://registry.npm.taobao.org/babel-plugin-import/download/babel-plugin-import-1.6.3.tgz",
      "integrity": "sha1-9N7qxR/5+ZfJzzjo19e5FCUE6vU=",
      "dev": true
    },
    "babel-plugin-transform-runtime": {
      "version": "6.23.0",
      "resolved": "https://registry.npmjs.org/babel-plugin-transform-runtime/-/babel-plugin-transform-runtime-6.23.0.tgz",
      "integrity": "sha1-iEkNRGUC6puOfvsP4J7E2ZR5se4=",
      "dev": true
    },
    "babel-polyfill": {
      "version": "6.26.0",
      "resolved": "https://registry.npmjs.org/babel-polyfill/-/babel-polyfill-6.26.0.tgz",
      "integrity": "sha1-N5k3q8Z9eJWXCtxiHyhM2WbPIVM=",
      "dev": true,
      "dependencies": {
        "regenerator-runtime": {
          "version": "0.10.5",
          "resolved": "https://registry.npmjs.org/regenerator-runtime/-/regenerator-runtime-0.10.5.tgz",
          "integrity": "sha1-M2w+/BIgrc7dosn6tntaeVWjNlg="
        }
      }
    },
    "babel-runtime": {
      "version": "6.26.0",
      "resolved": "https://registry.npmjs.org/babel-runtime/-/babel-runtime-6.26.0.tgz",
      "integrity": "sha1-llxwWGaOgrVde/4E/yM3vItWR/4=",
      "dev": true
    },
    "classnames": {
      "version": "2.2.5",
      "resolved": "https://registry.npmjs.org/classnames/-/classnames-2.2.5.tgz",
      "integrity": "sha1-+zgB1FNGdknvNgPH1hoCvRKb3m0="
    },
    "coordtransform": {
      "version": "2.1.2",
      "resolved": "https://registry.npmjs.org/coordtransform/-/coordtransform-2.1.2.tgz",
      "integrity": "sha1-CQNJzWKx3AX65HspG/nwt86Cf2Y="
    },
    "draftjs-to-html": {
      "version": "0.7.6",
      "resolved": "https://registry.npmjs.org/draftjs-to-html/-/draftjs-to-html-0.7.6.tgz",
      "integrity": "sha1-lbxVruymxqerwkLFYWlGcExmhck=",
      "dev": true
    },
    "draftjs-to-markdown": {
      "version": "0.4.5",
      "resolved": "https://registry.npmjs.org/draftjs-to-markdown/-/draftjs-to-markdown-0.4.5.tgz",
      "integrity": "sha1-HLLakL93kP8j4kiRRBiCpA/KbVM="
    },
    "dva": {
      "version": "1.3.0-beta2",
      "resolved": "https://registry.npmjs.org/dva/-/dva-1.3.0-beta2.tgz",
      "integrity": "sha1-x9jQEh8pakDGPLBDfCRQJ9PtRmc="
    },
    "dva-loading": {
      "version": "0.2.3",
      "resolved": "https://registry.npmjs.org/dva-loading/-/dva-loading-0.2.3.tgz",
      "integrity": "sha1-tYiWaL2o0X2n6eXHs43ZQunQKaQ="
    },
    "dva-model-extend": {
      "version": "0.1.2",
      "resolved": "http://registry.npm.taobao.org/dva-model-extend/download/dva-model-extend-0.1.2.tgz",
      "integrity": "sha1-o+YVmV/qrtXRQetbCibLmFQqmCA=",
      "dev": true
    },
    "echarts-for-react": {
      "version": "1.4.4",
      "resolved": "http://registry.npm.taobao.org/echarts-for-react/download/echarts-for-react-1.4.4.tgz",
      "integrity": "sha1-g3vX4vZi8qlnUrmtc8xiX4vOMxw="
    },
    "eslint": {
      "version": "3.19.0",
      "resolved": "https://registry.npmjs.org/eslint/-/eslint-3.19.0.tgz",
      "integrity": "sha1-yPxiAcf0DdCJQbh8CFdnOGpnmsw=",
      "dev": true
    },
    "eslint-config-airbnb": {
      "version": "9.0.1",
      "resolved": "https://registry.npmjs.org/eslint-config-airbnb/-/eslint-config-airbnb-9.0.1.tgz",
      "integrity": "sha1-ZwgXDVA0tXnVKRP+Sd7i9/7H2JQ=",
      "dev": true
    },
    "eslint-loader": {
      "version": "1.9.0",
      "resolved": "http://registry.npm.taobao.org/eslint-loader/download/eslint-loader-1.9.0.tgz",
      "integrity": "sha1-fhvp/t3KMo09z67xrUnVvv/oOhM=",
      "dev": true
    },
    "eslint-plugin-import": {
      "version": "1.16.0",
      "resolved": "https://registry.npmjs.org/eslint-plugin-import/-/eslint-plugin-import-1.16.0.tgz",
      "integrity": "sha1-svoH68xTUE0PKkR3WC7Iv/GHG58=",
      "dev": true,
      "dependencies": {
        "doctrine": {
          "version": "1.3.0",
          "resolved": "https://registry.npmjs.org/doctrine/-/doctrine-1.3.0.tgz",
          "integrity": "sha1-E+dWgrVVGEJCdvfBc3g0Vu+RPSY="
        }
      }
    },
    "eslint-plugin-jsx-a11y": {
      "version": "1.5.5",
      "resolved": "https://registry.npmjs.org/eslint-plugin-jsx-a11y/-/eslint-plugin-jsx-a11y-1.5.5.tgz",
      "integrity": "sha1-2ihKAWwYiec2mBgCF+LrmIqYurU=",
      "dev": true
    },
    "eslint-plugin-react": {
      "version": "5.2.2",
      "resolved": "https://registry.npmjs.org/eslint-plugin-react/-/eslint-plugin-react-5.2.2.tgz",
      "integrity": "sha1-fbBo4fVIf2hx5N7vNqOBwwPqwWE=",
      "dev": true,
      "dependencies": {
        "doctrine": {
          "version": "1.5.0",
          "resolved": "https://registry.npmjs.org/doctrine/-/doctrine-1.5.0.tgz",
          "integrity": "sha1-N53Ocw9hZvds76TmcHoVmwLFpvo="
        }
      }
    },
    "file-saver": {
      "version": "1.3.8",
      "resolved": "https://registry.npmjs.org/file-saver/-/file-saver-1.3.3.tgz",
      "integrity": "sha1-zdTETTqiZOrC9o7BZbx5HDSvEjI="
    },
    "flv.js": {
      "version": "1.3.3",
      "resolved": "http://registry.npm.taobao.org/flv.js/download/flv.js-1.3.3.tgz",
      "integrity": "sha1-SYF3ipIBIbGMHNwEhR8wW3jNqm0="
    },
    "jquery": {
      "version": "2.2.4",
      "resolved": "https://registry.npmjs.org/jquery/-/jquery-2.2.4.tgz",
      "integrity": "sha1-LInWiJterFIqfuoywUUhVZxsvwI="
    },
    "jsonp": {
      "version": "0.2.1",
      "resolved": "https://registry.npmjs.org/jsonp/-/jsonp-0.2.1.tgz",
      "integrity": "sha1-pltPoPEL2nGaBUQep7lMVfPhW64=",
      "dev": true
    },
    "less-vars-to-js": {
      "version": "1.2.1",
      "resolved": "https://registry.npmjs.org/less-vars-to-js/-/less-vars-to-js-1.2.1.tgz",
      "integrity": "sha1-fUjwlqmPDLrXfQeiQrrS/xTwGTQ=",
      "dev": true
    },
    "lodash": {
      "version": "4.17.21",
      "resolved": "https://registry.npmjs.org/lodash/-/lodash-4.17.21.tgz",
      "integrity": "sha512-v2kDEe57lecTulaDIuNTPy3Ry4gLGJ6Z1O3vE1krgXZNrsQ+LFTGHVxVjcXPs17LhbZVGedAJv8XZ1tvj5FvSg=="
    },
    "mockjs": {
      "version": "1.0.1-beta3",
      "resolved": "https://registry.npmjs.org/mockjs/-/mockjs-1.0.1-beta3.tgz",
      "integrity": "sha1-0jTzwnJWOXVk8slVFC6JGQlTcgk=",
      "dev": true
    },
    "nprogress": {
      "version": "0.2.0",
      "resolved": "https://registry.npmjs.org/nprogress/-/nprogress-0.2.0.tgz",
      "integrity": "sha1-y480xTIT2JVyP8urkH6UIq28r7E="
    },
    "path-to-regexp": {
      "version": "1.7.0",
      "resolved": "https://registry.npmjs.org/path-to-regexp/-/path-to-regexp-1.7.0.tgz",
      "integrity": "sha1-Wf3g9DW62suhA6hOnTvGTpa5k30=",
      "dev": true,
      "dependencies": {
        "isarray": {
          "version": "0.0.1",
          "resolved": "https://registry.npmjs.org/isarray/-/isarray-0.0.1.tgz",
          "integrity": "sha1-ihis/Kmo9Bd+Cav8YDiTmwXR7t8="
        }
      }
    },
    "qs": {
      "version": "6.5.1",
      "resolved": "http://registry.npm.taobao.org/qs/download/qs-6.5.1.tgz",
      "integrity": "sha1-NJzfbu+J7EXBLX1es/wMhwNDptg="
    },
    "rc-tween-one": {
      "version": "1.5.8",
      "resolved": "http://registry.npm.taobao.org/rc-tween-one/download/rc-tween-one-1.5.8.tgz",
      "integrity": "sha1-tNvEt0UCIx+vb33MoAxMbkLdBjg=",
      "dev": true,
      "dependencies": {
        "raf": {
          "version": "3.3.2",
          "resolved": "http://registry.npm.taobao.org/raf/download/raf-3.3.2.tgz",
          "integrity": "sha1-DBO+C1tJtG921maSSNUnzysC/ic="
        }
      }
    },
    "react": {
      "version": "15.6.2",
      "resolved": "https://registry.npmjs.org/react/-/react-15.6.2.tgz",
      "integrity": "sha1-26BDSrQ5z+gvEI8PURZjkIF5qnI="
    },
    "react-async-script-loader": {
      "version": "0.3.0",
      "resolved": "https://registry.npmjs.org/react-async-script-loader/-/react-async-script-loader-0.3.0.tgz",
      "integrity": "sha1-x0KzyiXgi6Yat+tkNx+BQCdpK4Y="
    },
    "react-bmap": {
      "version": "1.0.55",
      "resolved": "http://registry.npm.taobao.org/react-bmap/download/react-bmap-1.0.55.tgz",
      "integrity": "sha1-T+8uBXsLF9VynU3QmubrdO62h1U="
    },
    "react-countup": {
      "version": "1.3.0",
      "resolved": "https://registry.npmjs.org/react-countup/-/react-countup-1.3.0.tgz",
      "integrity": "sha1-bCRbP2t3qNVMVJLlwV4yre6XbtM=",
      "dependencies": {
        "react": {
          "version": "15.6.2",
          "resolved": "http://registry.npm.taobao.org/react/download/react-15.6.2.tgz",
          "integrity": "sha1-26BDSrQ5z+gvEI8PURZjkIF5qnI="
        }
      }
    },
    "react-dom": {
      "version": "15.6.2",
      "resolved": "https://registry.npmjs.org/react-dom/-/react-dom-15.6.2.tgz",
      "integrity": "sha1-Qc+t9pO3V/rycIRDodH9WgK+9zA="
    },
    "react-draft-wysiwyg": {
      "version": "1.12.0",
      "resolved": "http://registry.npm.taobao.org/react-draft-wysiwyg/download/react-draft-wysiwyg-1.12.0.tgz",
      "integrity": "sha1-YMFy+FK/RMr2T1vB36vM4hgDzXM="
    },
    "react-helmet": {
      "version": "5.2.0",
      "resolved": "https://registry.npmjs.org/react-helmet/-/react-helmet-5.2.0.tgz",
      "integrity": "sha1-qBgR3yExOm1VxfBYxK66XW89l6c="
    },
    "react-image": {
      "version": "1.3.1",
      "resolved": "http://registry.npm.taobao.org/react-image/download/react-image-1.3.1.tgz",
      "integrity": "sha1-Mq9gEm6pL0hg30ZpfupCwWYc74c="
    },
    "react-inlinesvg": {
      "version": "0.8.1",
      "resolved": "https://registry.npmjs.org/react-inlinesvg/-/react-inlinesvg-0.8.1.tgz",
      "integrity": "sha512-rdeqawsT17tKvY3B9rfHsNUpZ9RpDP7URNLCrv4NifWcIoPcBxAc7Vel1pK7hyAYKgv6DDMaf8x9PB3jyWjW4A=="
    },
    "recharts": {
      "version": "0.19.1",
      "resolved": "https://registry.npmjs.org/recharts/-/recharts-0.19.1.tgz",
      "integrity": "sha1-eyPmPh9ukF4Tnd5+TpHuqGP9RI0="
    },
    "redbox-react": {
      "version": "1.5.0",
      "resolved": "http://registry.npm.taobao.org/redbox-react/download/redbox-react-1.5.0.tgz",
      "integrity": "sha1-BNqxFVfSZlG/NWKmfCKs5WxdOWc=",
      "dev": true
    },
    "redux-actions": {
      "version": "2.2.1",
      "resolved": "http://registry.npm.taobao.org/redux-actions/download/redux-actions-2.2.1.tgz",
      "integrity": "sha1-1kGGslZJoTwFR4VH1811N7iSQQ0="
    },
    "roadhog": {
      "version": "0.6.0-beta.6",
      "resolved": "https://registry.npmjs.org/roadhog/-/roadhog-0.6.0-beta.6.tgz",
      "integrity": "sha1-iro80UQ6C3AMWdCALwi7nz/vtCo=",
      "dev": true
    },
    "typestyle": {
      "version": "1.5.1",
      "resolved": "http://registry.npm.taobao.org/typestyle/download/typestyle-1.5.1.tgz",
      "integrity": "sha1-ssecTW1cbizGv/3JRoZlUSkQuOU="
    },
    "xlsx": {
      "version": "0.13.1",
      "resolved": "https://registry.npmjs.org/xlsx/-/xlsx-0.13.1.tgz",
      "integrity": "sha1-Zc+iReGvhY7OW6IrqhHRmkbptAA=",
      "dependencies": {
        "commander": {
          "version": "2.15.1",
          "resolved": "https://registry.npmjs.org/commander/-/commander-2.15.1.tgz",
          "integrity": "sha512-VlfT9F3V0v+jr4yxPc5gg9s62/fIVWsd2Bk2iD435um1NlGMYdVCq+MjcXnhYq2icNOizHr1kK+5TI6H0Hy0ag=="
        }
      }
    },
    "xmlhttprequest": {
      "version": "1.8.0",
      "resolved": "http://registry.npm.taobao.org/xmlhttprequest/download/xmlhttprequest-1.8.0.tgz",
      "integrity": "sha1-Z/4HXFwk/vOfnWX197f+dRcZaPw="
    }
  }
}
